
Microsoft Visual Studio Solution File, Format Version 12.00
# Visual Studio Version 16
VisualStudioVersion = 16.0.31205.134
MinimumVisualStudioVersion = 10.0.40219.1
Project("{FAE04EC0-301F-11D3-BF4B-00C04F79EFBC}") = "TrackerLibrary", "ClassLibrary3\TrackerLibrary.csproj", "{53CB6690-FB8B-4D9B-8EF3-D73682B75A5E}"
EndProject
Project("{FAE04EC0-301F-11D3-BF4B-00C04F79EFBC}") = "TrackerUI", "TrackerUI2\TrackerUI.csproj", "{43441F62-CBA3-450B-A069-37494ED84720}"
EndProject
Global
	GlobalSection(SolutionConfigurationPlatforms) = preSolution
		Debug|Any CPU = Debug|Any CPU
		Release|Any CPU = Release|Any CPU
	EndGlobalSection
	GlobalSection(ProjectConfigurationPlatforms) = postSolution
		{53CB6690-FB8B-4D9B-8EF3-D73682B75A5E}.Debug|Any CPU.ActiveCfg = Debug|Any CPU
		{53CB6690-FB8B-4D9B-8EF3-D73682B75A5E}.Debug|Any CPU.Build.0 = Debug|Any CPU
		{53CB6690-FB8B-4D9B-8EF3-D73682B75A5E}.Release|Any CPU.ActiveCfg = Release|Any CPU
		{53CB6690-FB8B-4D9B-8EF3-D73682B75A5E}.Release|Any CPU.Build.0 = Release|Any CPU
		{43441F62-CBA3-450B-A069-37494ED84720}.Debug|Any CPU.ActiveCfg = Debug|Any CPU
		{43441F62-CBA3-450B-A069-37494ED84720}.Debug|Any CPU.Build.0 = Debug|Any CPU
		{43441F62-CBA3-450B-A069-37494ED84720}.Release|Any CPU.ActiveCfg = Release|Any CPU
		{43441F62-CBA3-450B-A069-37494ED84720}.Release|Any CPU.Build.0 = Release|Any CPU
	EndGlobalSection
	GlobalSection(SolutionProperties) = preSolution
		HideSolutionNode = FALSE
	EndGlobalSection
	GlobalSection(ExtensibilityGlobals) = postSolution
		SolutionGuid = {2B7A9D65-A4A9-4F78-9DEF-30855D14CCCB}
	EndGlobalSection
EndGlobal
